// !$*UTF8*$!
{
	archiveVersion = 1;
	classes = {
	};
	objectVersion = 46;
	objects = {

/* Begin PBXBuildFile section */
		16F1B34B1F17E690002C3B93 /* AppDelegate.swift in Sources */ = {isa = PBXBuildFile; fileRef = 16F1B34A1F17E690002C3B93 /* AppDelegate.swift */; };
		16F1B34D1F17E690002C3B93 /* ViewController.swift in Sources */ = {isa = PBXBuildFile; fileRef = 16F1B34C1F17E690002C3B93 /* ViewController.swift */; };
		16F1B3501F17E690002C3B93 /* Main.storyboard in Resources */ = {isa = PBXBuildFile; fileRef = 16F1B34E1F17E690002C3B93 /* Main.storyboard */; };
		16F1B3521F17E690002C3B93 /* Assets.xcassets in Resources */ = {isa = PBXBuildFile; fileRef = 16F1B3511F17E690002C3B93 /* Assets.xcassets */; };
		16F1B3551F17E690002C3B93 /* LaunchScreen.storyboard in Resources */ = {isa = PBXBuildFile; fileRef = 16F1B3531F17E690002C3B93 /* LaunchScreen.storyboard */; };
		16F1B35A1F17E690002C3B93 /* DPCalc WatchKit App.app in Embed Watch Content */ = {isa = PBXBuildFile; fileRef = 16F1B3591F17E690002C3B93 /* DPCalc WatchKit App.app */; };
		16F1B3601F17E690002C3B93 /* Interface.storyboard in Resources */ = {isa = PBXBuildFile; fileRef = 16F1B35E1F17E690002C3B93 /* Interface.storyboard */; };
		16F1B3621F17E690002C3B93 /* Assets.xcassets in Resources */ = {isa = PBXBuildFile; fileRef = 16F1B3611F17E690002C3B93 /* Assets.xcassets */; };
		16F1B3691F17E690002C3B93 /* DPCalc WatchKit Extension.appex in Embed App Extensions */ = {isa = PBXBuildFile; fileRef = 16F1B3681F17E690002C3B93 /* DPCalc WatchKit Extension.appex */; settings = {ATTRIBUTES = (RemoveHeadersOnCopy, ); }; };
		16F1B36E1F17E690002C3B93 /* InterfaceController.swift in Sources */ = {isa = PBXBuildFile; fileRef = 16F1B36D1F17E690002C3B93 /* InterfaceController.swift */; };
		16F1B3701F17E690002C3B93 /* ExtensionDelegate.swift in Sources */ = {isa = PBXBuildFile; fileRef = 16F1B36F1F17E690002C3B93 /* ExtensionDelegate.swift */; };
		16F1B3721F17E691002C3B93 /* Assets.xcassets in Resources */ = {isa = PBXBuildFile; fileRef = 16F1B3711F17E691002C3B93 /* Assets.xcassets */; };
/* End PBXBuildFile section */

/* Begin PBXContainerItemProxy section */
		16F1B35B1F17E690002C3B93 /* PBXContainerItemProxy */ = {
			isa = PBXContainerItemProxy;
			containerPortal = 16F1B33F1F17E690002C3B93 /* Project object */;
			proxyType = 1;
			remoteGlobalIDString = 16F1B3581F17E690002C3B93;
			remoteInfo = "DPCalc WatchKit App";
		};
		16F1B36A1F17E690002C3B93 /* PBXContainerItemProxy */ = {
			isa = PBXContainerItemProxy;
			containerPortal = 16F1B33F1F17E690002C3B93 /* Project object */;
			proxyType = 1;
			remoteGlobalIDString = 16F1B3671F17E690002C3B93;
			remoteInfo = "DPCalc WatchKit Extension";
		};
/* End PBXContainerItemProxy section */

/* Begin PBXCopyFilesBuildPhase section */
		16F1B3791F17E691002C3B93 /* Embed App Extensions */ = {
			isa = PBXCopyFilesBuildPhase;
			buildActionMask = 2147483647;
			dstPath = "";
			dstSubfolderSpec = 13;
			files = (
				16F1B3691F17E690002C3B93 /* DPCalc WatchKit Extension.appex in Embed App Extensions */,
			);
			name = "Embed App Extensions";
			runOnlyForDeploymentPostprocessing = 0;
		};
		16F1B37D1F17E691002C3B93 /* Embed Watch Content */ = {
			isa = PBXCopyFilesBuildPhase;
			buildActionMask = 2147483647;
			dstPath = "$(CONTENTS_FOLDER_PATH)/Watch";
			dstSubfolderSpec = 16;
			files = (
				16F1B35A1F17E690002C3B93 /* DPCalc WatchKit App.app in Embed Watch Content */,
			);
			name = "Embed Watch Content";
			runOnlyForDeploymentPostprocessing = 0;
		};
/* End PBXCopyFilesBuildPhase section */

/* Begin PBXFileReference section */
		16F1B3471F17E690002C3B93 /* DPCalc.app */ = {isa = PBXFileReference; explicitFileType = wrapper.application; includeInIndex = 0; path = DPCalc.app; sourceTree = BUILT_PRODUCTS_DIR; };
		16F1B34A1F17E690002C3B93 /* AppDelegate.swift */ = {isa = PBXFileReference; lastKnownFileType = sourcecode.swift; path = AppDelegate.swift; sourceTree = "<group>"; };
		16F1B34C1F17E690002C3B93 /* ViewController.swift */ = {isa = PBXFileReference; lastKnownFileType = sourcecode.swift; path = ViewController.swift; sourceTree = "<group>"; };
		16F1B34F1F17E690002C3B93 /* Base */ = {isa = PBXFileReference; lastKnownFileType = file.storyboard; name = Base; path = Base.lproj/Main.storyboard; sourceTree = "<group>"; };
		16F1B3511F17E690002C3B93 /* Assets.xcassets */ = {isa = PBXFileReference; lastKnownFileType = folder.assetcatalog; path = Assets.xcassets; sourceTree = "<group>"; };
		16F1B3541F17E690002C3B93 /* Base */ = {isa = PBXFileReference; lastKnownFileType = file.storyboard; name = Base; path = Base.lproj/LaunchScreen.storyboard; sourceTree = "<group>"; };
		16F1B3561F17E690002C3B93 /* Info.plist */ = {isa = PBXFileReference; lastKnownFileType = text.plist.xml; path = Info.plist; sourceTree = "<group>"; };
		16F1B3591F17E690002C3B93 /* DPCalc WatchKit App.app */ = {isa = PBXFileReference; explicitFileType = wrapper.application; includeInIndex = 0; path = "DPCalc WatchKit App.app"; sourceTree = BUILT_PRODUCTS_DIR; };
		16F1B35F1F17E690002C3B93 /* Base */ = {isa = PBXFileReference; lastKnownFileType = file.storyboard; name = Base; path = Base.lproj/Interface.storyboard; sourceTree = "<group>"; };
		16F1B3611F17E690002C3B93 /* Assets.xcassets */ = {isa = PBXFileReference; lastKnownFileType = folder.assetcatalog; path = Assets.xcassets; sourceTree = "<group>"; };
		16F1B3631F17E690002C3B93 /* Info.plist */ = {isa = PBXFileReference; lastKnownFileType = text.plist.xml; path = Info.plist; sourceTree = "<group>"; };
		16F1B3681F17E690002C3B93 /* DPCalc WatchKit Extension.appex */ = {isa = PBXFileReference; explicitFileType = "wrapper.app-extension"; includeInIndex = 0; path = "DPCalc WatchKit Extension.appex"; sourceTree = BUILT_PRODUCTS_DIR; };
		16F1B36D1F17E690002C3B93 /* InterfaceController.swift */ = {isa = PBXFileReference; lastKnownFileType = sourcecode.swift; path = InterfaceController.swift; sourceTree = "<group>"; };
		16F1B36F1F17E690002C3B93 /* ExtensionDelegate.swift */ = {isa = PBXFileReference; lastKnownFileType = sourcecode.swift; path = ExtensionDelegate.swift; sourceTree = "<group>"; };
		16F1B3711F17E691002C3B93 /* Assets.xcassets */ = {isa = PBXFileReference; lastKnownFileType = folder.assetcatalog; path = Assets.xcassets; sourceTree = "<group>"; };
		16F1B3731F17E691002C3B93 /* Info.plist */ = {isa = PBXFileReference; lastKnownFileType = text.plist.xml; path = Info.plist; sourceTree = "<group>"; };
/* End PBXFileReference section */

/* Begin PBXFrameworksBuildPhase section */
		16F1B3441F17E690002C3B93 /* Frameworks */ = {
			isa = PBXFrameworksBuildPhase;
			buildActionMask = 2147483647;
			files = (
			);
			runOnlyForDeploymentPostprocessing = 0;
		};
		16F1B3651F17E690002C3B93 /* Frameworks */ = {
			isa = PBXFrameworksBuildPhase;
			buildActionMask = 2147483647;
			files = (
			);
			runOnlyForDeploymentPostprocessing = 0;
		};
/* End PBXFrameworksBuildPhase section */

/* Begin PBXGroup section */
		16F1B33E1F17E690002C3B93 = {
			isa = PBXGroup;
			children = (
				16F1B3491F17E690002C3B93 /* DPCalc */,
				16F1B35D1F17E690002C3B93 /* DPCalc WatchKit App */,
				16F1B36C1F17E690002C3B93 /* DPCalc WatchKit Extension */,
				16F1B3481F17E690002C3B93 /* Products */,
			);
			sourceTree = "<group>";
		};
		16F1B3481F17E690002C3B93 /* Products */ = {
			isa = PBXGroup;
			children = (
				16F1B3471F17E690002C3B93 /* DPCalc.app */,
				16F1B3591F17E690002C3B93 /* DPCalc WatchKit App.app */,
				16F1B3681F17E690002C3B93 /* DPCalc WatchKit Extension.appex */,
			);
			name = Products;
			sourceTree = "<group>";
		};
		16F1B3491F17E690002C3B93 /* DPCalc */ = {
			isa = PBXGroup;
			children = (
				16F1B34A1F17E690002C3B93 /* AppDelegate.swift */,
				16F1B34C1F17E690002C3B93 /* ViewController.swift */,
				16F1B34E1F17E690002C3B93 /* Main.storyboard */,
				16F1B3511F17E690002C3B93 /* Assets.xcassets */,
				16F1B3531F17E690002C3B93 /* LaunchScreen.storyboard */,
				16F1B3561F17E690002C3B93 /* Info.plist */,
			);
			path = DPCalc;
			sourceTree = "<group>";
		};
		16F1B35D1F17E690002C3B93 /* DPCalc WatchKit App */ = {
			isa = PBXGroup;
			children = (
				16F1B35E1F17E690002C3B93 /* Interface.storyboard */,
				16F1B3611F17E690002C3B93 /* Assets.xcassets */,
				16F1B3631F17E690002C3B93 /* Info.plist */,
			);
			path = "DPCalc WatchKit App";
			sourceTree = "<group>";
		};
		16F1B36C1F17E690002C3B93 /* DPCalc WatchKit Extension */ = {
			isa = PBXGroup;
			children = (
				16F1B36D1F17E690002C3B93 /* InterfaceController.swift */,
				16F1B36F1F17E690002C3B93 /* ExtensionDelegate.swift */,
				16F1B3711F17E691002C3B93 /* Assets.xcassets */,
				16F1B3731F17E691002C3B93 /* Info.plist */,
			);
			path = "DPCalc WatchKit Extension";
			sourceTree = "<group>";
		};
/* End PBXGroup section */

/* Begin PBXNativeTarget section */
		16F1B3461F17E690002C3B93 /* DPCalc */ = {
			isa = PBXNativeTarget;
			buildConfigurationList = 16F1B37E1F17E691002C3B93 /* Build configuration list for PBXNativeTarget "DPCalc" */;
			buildPhases = (
				16F1B3431F17E690002C3B93 /* Sources */,
				16F1B3441F17E690002C3B93 /* Frameworks */,
				16F1B3451F17E690002C3B93 /* Resources */,
				16F1B37D1F17E691002C3B93 /* Embed Watch Content */,
			);
			buildRules = (
			);
			dependencies = (
				16F1B35C1F17E690002C3B93 /* PBXTargetDependency */,
			);
			name = DPCalc;
			productName = DPCalc;
			productReference = 16F1B3471F17E690002C3B93 /* DPCalc.app */;
			productType = "com.apple.product-type.application";
		};
		16F1B3581F17E690002C3B93 /* DPCalc WatchKit App */ = {
			isa = PBXNativeTarget;
			buildConfigurationList = 16F1B37A1F17E691002C3B93 /* Build configuration list for PBXNativeTarget "DPCalc WatchKit App" */;
			buildPhases = (
				16F1B3571F17E690002C3B93 /* Resources */,
				16F1B3791F17E691002C3B93 /* Embed App Extensions */,
			);
			buildRules = (
			);
			dependencies = (
				16F1B36B1F17E690002C3B93 /* PBXTargetDependency */,
			);
			name = "DPCalc WatchKit App";
			productName = "DPCalc WatchKit App";
			productReference = 16F1B3591F17E690002C3B93 /* DPCalc WatchKit App.app */;
			productType = "com.apple.product-type.application.watchapp2";
		};
		16F1B3671F17E690002C3B93 /* DPCalc WatchKit Extension */ = {
			isa = PBXNativeTarget;
			buildConfigurationList = 16F1B3761F17E691002C3B93 /* Build configuration list for PBXNativeTarget "DPCalc WatchKit Extension" */;
			buildPhases = (
				16F1B3641F17E690002C3B93 /* Sources */,
				16F1B3651F17E690002C3B93 /* Frameworks */,
				16F1B3661F17E690002C3B93 /* Resources */,
			);
			buildRules = (
			);
			dependencies = (
			);
			name = "DPCalc WatchKit Extension";
			productName = "DPCalc WatchKit Extension";
			productReference = 16F1B3681F17E690002C3B93 /* DPCalc WatchKit Extension.appex */;
			productType = "com.apple.product-type.watchkit2-extension";
		};
/* End PBXNativeTarget section */

/* Begin PBXProject section */
		16F1B33F1F17E690002C3B93 /* Project object */ = {
			isa = PBXProject;
			attributes = {
				LastSwiftUpdateCheck = 0830;
				LastUpgradeCheck = 0830;
				ORGANIZATIONNAME = "Darrell Payne";
				TargetAttributes = {
					16F1B3461F17E690002C3B93 = {
						CreatedOnToolsVersion = 8.3.3;
						DevelopmentTeam = YH2L94SFDJ;
						ProvisioningStyle = Automatic;
					};
					16F1B3581F17E690002C3B93 = {
						CreatedOnToolsVersion = 8.3.3;
						DevelopmentTeam = YH2L94SFDJ;
						ProvisioningStyle = Automatic;
					};
					16F1B3671F17E690002C3B93 = {
						CreatedOnToolsVersion = 8.3.3;
						DevelopmentTeam = YH2L94SFDJ;
						ProvisioningStyle = Automatic;
					};
				};
			};
			buildConfigurationList = 16F1B3421F17E690002C3B93 /* Build configuration list for PBXProject "DPCalc" */;
			compatibilityVersion = "Xcode 3.2";
			developmentRegion = English;
			hasScannedForEncodings = 0;
			knownRegions = (
				en,
				Base,
			);
			mainGroup = 16F1B33E1F17E690002C3B93;
			productRefGroup = 16F1B3481F17E690002C3B93 /* Products */;
			projectDirPath = "";
			projectRoot = "";
			targets = (
				16F1B3461F17E690002C3B93 /* DPCalc */,
				16F1B3581F17E690002C3B93 /* DPCalc WatchKit App */,
				16F1B3671F17E690002C3B93 /* DPCalc WatchKit Extension */,
			);
		};
/* End PBXProject section */

/* Begin PBXResourcesBuildPhase section */
		16F1B3451F17E690002C3B93 /* Resources */ = {
			isa = PBXResourcesBuildPhase;
			buildActionMask = 2147483647;
			files = (
				16F1B3551F17E690002C3B93 /* LaunchScreen.storyboard in Resources */,
				16F1B3521F17E690002C3B93 /* Assets.xcassets in Resources */,
				16F1B3501F17E690002C3B93 /* Main.storyboard in Resources */,
			);
			runOnlyForDeploymentPostprocessing = 0;
		};
		16F1B3571F17E690002C3B93 /* Resources */ = {
			isa = PBXResourcesBuildPhase;
			buildActionMask = 2147483647;
			files = (
				16F1B3621F17E690002C3B93 /* Assets.xcassets in Resources */,
				16F1B3601F17E690002C3B93 /* Interface.storyboard in Resources */,
			);
			runOnlyForDeploymentPostprocessing = 0;
		};
		16F1B3661F17E690002C3B93 /* Resources */ = {
			isa = PBXResourcesBuildPhase;
			buildActionMask = 2147483647;
			files = (
				16F1B3721F17E691002C3B93 /* Assets.xcassets in Resources */,
			);
			runOnlyForDeploymentPostprocessing = 0;
		};
/* End PBXResourcesBuildPhase section */

/* Begin PBXSourcesBuildPhase section */
		16F1B3431F17E690002C3B93 /* Sources */ = {
			isa = PBXSourcesBuildPhase;
			buildActionMask = 2147483647;
			files = (
				16F1B34D1F17E690002C3B93 /* ViewController.swift in Sources */,
				16F1B34B1F17E690002C3B93 /* AppDelegate.swift in Sources */,
			);
			runOnlyForDeploymentPostprocessing = 0;
		};
		16F1B3641F17E690002C3B93 /* Sources */ = {
			isa = PBXSourcesBuildPhase;
			buildActionMask = 2147483647;
			files = (
				16F1B3701F17E690002C3B93 /* ExtensionDelegate.swift in Sources */,
				16F1B36E1F17E690002C3B93 /* InterfaceController.swift in Sources */,
			);
			runOnlyForDeploymentPostprocessing = 0;
		};
/* End PBXSourcesBuildPhase section */

/* Begin PBXTargetDependency section */
		16F1B35C1F17E690002C3B93 /* PBXTargetDependency */ = {
			isa = PBXTargetDependency;
			target = 16F1B3581F17E690002C3B93 /* DPCalc WatchKit App */;
			targetProxy = 16F1B35B1F17E690002C3B93 /* PBXContainerItemProxy */;
		};
		16F1B36B1F17E690002C3B93 /* PBXTargetDependency */ = {
			isa = PBXTargetDependency;
			target = 16F1B3671F17E690002C3B93 /* DPCalc WatchKit Extension */;
			targetProxy = 16F1B36A1F17E690002C3B93 /* PBXContainerItemProxy */;
		};
/* End PBXTargetDependency section */

/* Begin PBXVariantGroup section */
		16F1B34E1F17E690002C3B93 /* Main.storyboard */ = {
			isa = PBXVariantGroup;
			children = (
				16F1B34F1F17E690002C3B93 /* Base */,
			);
			name = Main.storyboard;
			sourceTree = "<group>";
		};
		16F1B3531F17E690002C3B93 /* LaunchScreen.storyboard */ = {
			isa = PBXVariantGroup;
			children = (
				16F1B3541F17E690002C3B93 /* Base */,
			);
			name = LaunchScreen.storyboard;
			sourceTree = "<group>";
		};
		16F1B35E1F17E690002C3B93 /* Interface.storyboard */ = {
			isa = PBXVariantGroup;
			children = (
				16F1B35F1F17E690002C3B93 /* Base */,
			);
			name = Interface.storyboard;
			sourceTree = "<group>";
		};
/* End PBXVariantGroup section */

/* Begin XCBuildConfiguration section */
		16F1B3741F17E691002C3B93 /* Debug */ = {
			isa = XCBuildConfiguration;
			buildSettings = {
				ALWAYS_SEARCH_USER_PATHS = NO;
				CLANG_ANALYZER_NONNULL = YES;
				CLANG_ANALYZER_NUMBER_OBJECT_CONVERSION = YES_AGGRESSIVE;
				CLANG_CXX_LANGUAGE_STANDARD = "gnu++0x";
				CLANG_CXX_LIBRARY = "libc++";
				CLANG_ENABLE_MODULES = YES;
				CLANG_ENABLE_OBJC_ARC = YES;
				CLANG_WARN_BOOL_CONVERSION = YES;
				CLANG_WARN_CONSTANT_CONVERSION = YES;
				CLANG_WARN_DIRECT_OBJC_ISA_USAGE = YES_ERROR;
				CLANG_WARN_DOCUMENTATION_COMMENTS = YES;
				CLANG_WARN_EMPTY_BODY = YES;
				CLANG_WARN_ENUM_CONVERSION = YES;
				CLANG_WARN_INFINITE_RECURSION = YES;
				CLANG_WARN_INT_CONVERSION = YES;
				CLANG_WARN_OBJC_ROOT_CLASS = YES_ERROR;
				CLANG_WARN_SUSPICIOUS_MOVE = YES;
				CLANG_WARN_UNREACHABLE_CODE = YES;
				CLANG_WARN__DUPLICATE_METHOD_MATCH = YES;
				"CODE_SIGN_IDENTITY[sdk=iphoneos*]" = "iPhone Developer";
				COPY_PHASE_STRIP = NO;
				DEBUG_INFORMATION_FORMAT = dwarf;
				ENABLE_STRICT_OBJC_MSGSEND = YES;
				ENABLE_TESTABILITY = YES;
				GCC_C_LANGUAGE_STANDARD = gnu99;
				GCC_DYNAMIC_NO_PIC = NO;
				GCC_NO_COMMON_BLOCKS = YES;
				GCC_OPTIMIZATION_LEVEL = 0;
				GCC_PREPROCESSOR_DEFINITIONS = (
					"DEBUG=1",
					"$(inherited)",
				);
				GCC_WARN_64_TO_32_BIT_CONVERSION = YES;
				GCC_WARN_ABOUT_RETURN_TYPE = YES_ERROR;
				GCC_WARN_UNDECLARED_SELECTOR = YES;
				GCC_WARN_UNINITIALIZED_AUTOS = YES_AGGRESSIVE;
				GCC_WARN_UNUSED_FUNCTION = YES;
				GCC_WARN_UNUSED_VARIABLE = YES;
				IPHONEOS_DEPLOYMENT_TARGET = 10.3;
				MTL_ENABLE_DEBUG_INFO = YES;
				ONLY_ACTIVE_ARCH = YES;
				SDKROOT = iphoneos;
				SWIFT_ACTIVE_COMPILATION_CONDITIONS = DEBUG;
				SWIFT_OPTIMIZATION_LEVEL = "-Onone";
			};
			name = Debug;
		};
		16F1B3751F17E691002C3B93 /* Release */ = {
			isa = XCBuildConfiguration;
			buildSettings = {
				ALWAYS_SEARCH_USER_PATHS = NO;
				CLANG_ANALYZER_NONNULL = YES;
				CLANG_ANALYZER_NUMBER_OBJECT_CONVERSION = YES_AGGRESSIVE;
				CLANG_CXX_LANGUAGE_STANDARD = "gnu++0x";
				CLANG_CXX_LIBRARY = "libc++";
				CLANG_ENABLE_MODULES = YES;
				CLANG_ENABLE_OBJC_ARC = YES;
				CLANG_WARN_BOOL_CONVERSION = YES;
				CLANG_WARN_CONSTANT_CONVERSION = YES;
				CLANG_WARN_DIRECT_OBJC_ISA_USAGE = YES_ERROR;
				CLANG_WARN_DOCUMENTATION_COMMENTS = YES;
				CLANG_WARN_EMPTY_BODY = YES;
				CLANG_WARN_ENUM_CONVERSION = YES;
				CLANG_WARN_INFINITE_RECURSION = YES;
				CLANG_WARN_INT_CONVERSION = YES;
				CLANG_WARN_OBJC_ROOT_CLASS = YES_ERROR;
				CLANG_WARN_SUSPICIOUS_MOVE = YES;
				CLANG_WARN_UNREACHABLE_CODE = YES;
				CLANG_WARN__DUPLICATE_METHOD_MATCH = YES;
				"CODE_SIGN_IDENTITY[sdk=iphoneos*]" = "iPhone Developer";
				COPY_PHASE_STRIP = NO;
				DEBUG_INFORMATION_FORMAT = "dwarf-with-dsym";
				ENABLE_NS_ASSERTIONS = NO;
				ENABLE_STRICT_OBJC_MSGSEND = YES;
				GCC_C_LANGUAGE_STANDARD = gnu99;
				GCC_NO_COMMON_BLOCKS = YES;
				GCC_WARN_64_TO_32_BIT_CONVERSION = YES;
				GCC_WARN_ABOUT_RETURN_TYPE = YES_ERROR;
				GCC_WARN_UNDECLARED_SELECTOR = YES;
				GCC_WARN_UNINITIALIZED_AUTOS = YES_AGGRESSIVE;
				GCC_WARN_UNUSED_FUNCTION = YES;
				GCC_WARN_UNUSED_VARIABLE = YES;
				IPHONEOS_DEPLOYMENT_TARGET = 10.3;
				MTL_ENABLE_DEBUG_INFO = NO;
				SDKROOT = iphoneos;
				SWIFT_OPTIMIZATION_LEVEL = "-Owholemodule";
				VALIDATE_PRODUCT = YES;
			};
			name = Release;
		};
		16F1B3771F17E691002C3B93 /* Debug */ = {
			isa = XCBuildConfiguration;
			buildSettings = {
				ASSETCATALOG_COMPILER_COMPLICATION_NAME = Complication;
				DEVELOPMENT_TEAM = YH2L94SFDJ;
				INFOPLIST_FILE = "DPCalc WatchKit Extension/Info.plist";
				LD_RUNPATH_SEARCH_PATHS = "$(inherited) @executable_path/Frameworks @executable_path/../../Frameworks";
				PRODUCT_BUNDLE_IDENTIFIER = com.sanctuaryofdarkness.DPCalc.watchkitapp.watchkitextension;
				PRODUCT_NAME = "${TARGET_NAME}";
				SDKROOT = watchos;
				SKIP_INSTALL = YES;
				SWIFT_VERSION = 3.0;
				TARGETED_DEVICE_FAMILY = 4;
				WATCHOS_DEPLOYMENT_TARGET = 3.2;
			};
			name = Debug;
		};
		16F1B3781F17E691002C3B93 /* Release */ = {
			isa = XCBuildConfiguration;
			buildSettings = {
				ASSETCATALOG_COMPILER_COMPLICATION_NAME = Complication;
				DEVELOPMENT_TEAM = YH2L94SFDJ;
				INFOPLIST_FILE = "DPCalc WatchKit Extension/Info.plist";
				LD_RUNPATH_SEARCH_PATHS = "$(inherited) @executable_path/Frameworks @executable_path/../../Frameworks";
				PRODUCT_BUNDLE_IDENTIFIER = com.sanctuaryofdarkness.DPCalc.watchkitapp.watchkitextension;
				PRODUCT_NAME = "${TARGET_NAME}";
				SDKROOT = watchos;
				SKIP_INSTALL = YES;
				SWIFT_VERSION = 3.0;
				TARGETED_DEVICE_FAMILY = 4;
				WATCHOS_DEPLOYMENT_TARGET = 3.2;
			};
			name = Release;
		};
		16F1B37B1F17E691002C3B93 /* Debug */ = {
			isa = XCBuildConfiguration;
			buildSettings = {
				ALWAYS_EMBED_SWIFT_STANDARD_LIBRARIES = YES;
				ASSETCATALOG_COMPILER_APPICON_NAME = AppIcon;
				DEVELOPMENT_TEAM = YH2L94SFDJ;
				IBSC_MODULE = DPCalc_WatchKit_Extension;
				INFOPLIST_FILE = "DPCalc WatchKit App/Info.plist";
				PRODUCT_BUNDLE_IDENTIFIER = com.sanctuaryofdarkness.DPCalc.watchkitapp;
				PRODUCT_NAME = "$(TARGET_NAME)";
				SDKROOT = watchos;
				SKIP_INSTALL = YES;
				SWIFT_VERSION = 3.0;
				TARGETED_DEVICE_FAMILY = 4;
				WATCHOS_DEPLOYMENT_TARGET = 3.2;
			};
			name = Debug;
		};
		16F1B37C1F17E691002C3B93 /* Release */ = {
			isa = XCBuildConfiguration;
			buildSettings = {
				ALWAYS_EMBED_SWIFT_STANDARD_LIBRARIES = YES;
				ASSETCATALOG_COMPILER_APPICON_NAME = AppIcon;
				DEVELOPMENT_TEAM = YH2L94SFDJ;
				IBSC_MODULE = DPCalc_WatchKit_Extension;
				INFOPLIST_FILE = "DPCalc WatchKit App/Info.plist";
				PRODUCT_BUNDLE_IDENTIFIER = com.sanctuaryofdarkness.DPCalc.watchkitapp;
				PRODUCT_NAME = "$(TARGET_NAME)";
				SDKROOT = watchos;
				SKIP_INSTALL = YES;
				SWIFT_VERSION = 3.0;
				TARGETED_DEVICE_FAMILY = 4;
				WATCHOS_DEPLOYMENT_TARGET = 3.2;
			};
			name = Release;
		};
		16F1B37F1F17E691002C3B93 /* Debug */ = {
			isa = XCBuildConfiguration;
			buildSettings = {
				ASSETCATALOG_COMPILER_APPICON_NAME = AppIcon;
				DEVELOPMENT_TEAM = YH2L94SFDJ;
				INFOPLIST_FILE = DPCalc/Info.plist;
				LD_RUNPATH_SEARCH_PATHS = "$(inherited) @executable_path/Frameworks";
				PRODUCT_BUNDLE_IDENTIFIER = com.sanctuaryofdarkness.DPCalc;
				PRODUCT_NAME = "$(TARGET_NAME)";
				SWIFT_VERSION = 3.0;
			};
			name = Debug;
		};
		16F1B3801F17E691002C3B93 /* Release */ = {
			isa = XCBuildConfiguration;
			buildSettings = {
				ASSETCATALOG_COMPILER_APPICON_NAME = AppIcon;
				DEVELOPMENT_TEAM = YH2L94SFDJ;
				INFOPLIST_FILE = DPCalc/Info.plist;
				LD_RUNPATH_SEARCH_PATHS = "$(inherited) @executable_path/Frameworks";
				PRODUCT_BUNDLE_IDENTIFIER = com.sanctuaryofdarkness.DPCalc;
				PRODUCT_NAME = "$(TARGET_NAME)";
				SWIFT_VERSION = 3.0;
			};
			name = Release;
		};
/* End XCBuildConfiguration section */

/* Begin XCConfigurationList section */
		16F1B3421F17E690002C3B93 /* Build configuration list for PBXProject "DPCalc" */ = {
			isa = XCConfigurationList;
			buildConfigurations = (
				16F1B3741F17E691002C3B93 /* Debug */,
				16F1B3751F17E691002C3B93 /* Release */,
			);
			defaultConfigurationIsVisible = 0;
			defaultConfigurationName = Release;
		};
		16F1B3761F17E691002C3B93 /* Build configuration list for PBXNativeTarget "DPCalc WatchKit Extension" */ = {
			isa = XCConfigurationList;
			buildConfigurations = (
				16F1B3771F17E691002C3B93 /* Debug */,
				16F1B3781F17E691002C3B93 /* Release */,
			);
			defaultConfigurationIsVisible = 0;
		};
		16F1B37A1F17E691002C3B93 /* Build configuration list for PBXNativeTarget "DPCalc WatchKit App" */ = {
			isa = XCConfigurationList;
			buildConfigurations = (
				16F1B37B1F17E691002C3B93 /* Debug */,
				16F1B37C1F17E691002C3B93 /* Release */,
			);
			defaultConfigurationIsVisible = 0;
		};
		16F1B37E1F17E691002C3B93 /* Build configuration list for PBXNativeTarget "DPCalc" */ = {
			isa = XCConfigurationList;
			buildConfigurations = (
				16F1B37F1F17E691002C3B93 /* Debug */,
				16F1B3801F17E691002C3B93 /* Release */,
			);
			defaultConfigurationIsVisible = 0;
		};
/* End XCConfigurationList section */
	};
	rootObject = 16F1B33F1F17E690002C3B93 /* Project object */;
}
